
Microsoft Visual Studio Solution File, Format Version 12.00
# Visual Studio Version 17
VisualStudioVersion = 17.9.34728.123
MinimumVisualStudioVersion = 10.0.40219.1
Project("{FAE04EC0-301F-11D3-BF4B-00C04F79EFBC}") = "persistencia", "..\persistencia\persistencia.csproj", "{67FB6456-420E-4783-9498-A82BDF51F1B1}"
EndProject
Global
	GlobalSection(SolutionConfigurationPlatforms) = preSolution
		Debug|Any CPU = Debug|Any CPU
		Release|Any CPU = Release|Any CPU
	EndGlobalSection
	GlobalSection(ProjectConfigurationPlatforms) = postSolution
		{67FB6456-420E-4783-9498-A82BDF51F1B1}.Debug|Any CPU.ActiveCfg = Debug|Any CPU
		{67FB6456-420E-4783-9498-A82BDF51F1B1}.Debug|Any CPU.Build.0 = Debug|Any CPU
		{67FB6456-420E-4783-9498-A82BDF51F1B1}.Release|Any CPU.ActiveCfg = Release|Any CPU
		{67FB6456-420E-4783-9498-A82BDF51F1B1}.Release|Any CPU.Build.0 = Release|Any CPU
	EndGlobalSection
	GlobalSection(SolutionProperties) = preSolution
		HideSolutionNode = FALSE
	EndGlobalSection
	GlobalSection(ExtensibilityGlobals) = postSolution
		SolutionGuid = {42E9B36E-B06C-4F29-88D4-6610E19D6D5A}
	EndGlobalSection
EndGlobal
