
Microsoft Visual Studio Solution File, Format Version 12.00
# Visual Studio Version 17
VisualStudioVersion = 17.9.34728.123
MinimumVisualStudioVersion = 10.0.40219.1
Project("{9A19103F-16F7-4668-BE54-9A1E7A4F7556}") = "persistencia", "..\persistencia\persistencia.csproj", "{67FB6456-420E-4783-9498-A82BDF51F1B1}"
EndProject
Project("{9A19103F-16F7-4668-BE54-9A1E7A4F7556}") = "negocios", "negocios\negocios.csproj", "{39601310-FE69-4009-BB5C-D9923B61C971}"
EndProject
Project("{FAE04EC0-301F-11D3-BF4B-00C04F79EFBC}") = "presentacion", "presentacion\presentacion.csproj", "{6759A920-27C2-4953-B668-A3E92AE8BC1E}"
EndProject
Global
	GlobalSection(SolutionConfigurationPlatforms) = preSolution
		Debug|Any CPU = Debug|Any CPU
		Release|Any CPU = Release|Any CPU
	EndGlobalSection
	GlobalSection(ProjectConfigurationPlatforms) = postSolution
		{67FB6456-420E-4783-9498-A82BDF51F1B1}.Debug|Any CPU.ActiveCfg = Debug|Any CPU
		{67FB6456-420E-4783-9498-A82BDF51F1B1}.Debug|Any CPU.Build.0 = Debug|Any CPU
		{67FB6456-420E-4783-9498-A82BDF51F1B1}.Release|Any CPU.ActiveCfg = Release|Any CPU
		{67FB6456-420E-4783-9498-A82BDF51F1B1}.Release|Any CPU.Build.0 = Release|Any CPU
		{39601310-FE69-4009-BB5C-D9923B61C971}.Debug|Any CPU.ActiveCfg = Debug|Any CPU
		{39601310-FE69-4009-BB5C-D9923B61C971}.Debug|Any CPU.Build.0 = Debug|Any CPU
		{39601310-FE69-4009-BB5C-D9923B61C971}.Release|Any CPU.ActiveCfg = Release|Any CPU
		{39601310-FE69-4009-BB5C-D9923B61C971}.Release|Any CPU.Build.0 = Release|Any CPU
		{6759A920-27C2-4953-B668-A3E92AE8BC1E}.Debug|Any CPU.ActiveCfg = Debug|Any CPU
		{6759A920-27C2-4953-B668-A3E92AE8BC1E}.Debug|Any CPU.Build.0 = Debug|Any CPU
		{6759A920-27C2-4953-B668-A3E92AE8BC1E}.Release|Any CPU.ActiveCfg = Release|Any CPU
		{6759A920-27C2-4953-B668-A3E92AE8BC1E}.Release|Any CPU.Build.0 = Release|Any CPU
	EndGlobalSection
	GlobalSection(SolutionProperties) = preSolution
		HideSolutionNode = FALSE
	EndGlobalSection
	GlobalSection(ExtensibilityGlobals) = postSolution
		SolutionGuid = {42E9B36E-B06C-4F29-88D4-6610E19D6D5A}
	EndGlobalSection
EndGlobal
